
Microsoft Visual Studio Solution File, Format Version 12.00
Project("{FAE04EC0-301F-11D3-BF4B-00C04F79EFBC}") = "APBD_HW_07.Data", "APBD_HW_07.Data\APBD_HW_07.Data.csproj", "{77FE0114-FDF6-4F07-9F18-3F6654A688E3}"
EndProject
Project("{FAE04EC0-301F-11D3-BF4B-00C04F79EFBC}") = "APBD_HW_07.Domain", "APBD_HW_07.Domain\APBD_HW_07.Domain.csproj", "{07317D27-59F1-4730-8FEB-57A2511BB851}"
EndProject
Project("{FAE04EC0-301F-11D3-BF4B-00C04F79EFBC}") = "APBD_HW_07.Business", "APBD_HW_07.Business\APBD_HW_07.Business.csproj", "{110CAE77-2063-4A1D-BC4F-2A7E1531B6AD}"
EndProject
Project("{FAE04EC0-301F-11D3-BF4B-00C04F79EFBC}") = "APBD_HW_07.RestAPI", "APBD_HW_07.RestAPI\APBD_HW_07.RestAPI.csproj", "{F17D6497-780F-4944-9F1A-6A4A2A969135}"
EndProject
Project("{FAE04EC0-301F-11D3-BF4B-00C04F79EFBC}") = "APBD_HW_07.Business", "src\APBD_HW_07.Business\APBD_HW_07.Business.csproj", "{42C10044-716E-4041-981B-AF7166769BF9}"
EndProject
Project("{FAE04EC0-301F-11D3-BF4B-00C04F79EFBC}") = "APBD_HW_07.Domain", "src\APBD_HW_07.Domain\APBD_HW_07.Domain.csproj", "{86765F45-B317-4D70-AEB9-BCB66E2F4421}"
EndProject
Project("{FAE04EC0-301F-11D3-BF4B-00C04F79EFBC}") = "APBD_HW_07.Data", "src\APBD_HW_07.Data\APBD_HW_07.Data.csproj", "{374E8BA8-562E-4927-969D-BB2D6543D10B}"
EndProject
Project("{FAE04EC0-301F-11D3-BF4B-00C04F79EFBC}") = "APBD_HW_07.RestAPI", "src\APBD_HW_07.RestAPI\APBD_HW_07.RestAPI.csproj", "{BBBFA8CC-F0CF-462C-A4D5-C3579931B0F4}"
EndProject
Global
	GlobalSection(SolutionConfigurationPlatforms) = preSolution
		Debug|Any CPU = Debug|Any CPU
		Release|Any CPU = Release|Any CPU
	EndGlobalSection
	GlobalSection(ProjectConfigurationPlatforms) = postSolution
		{77FE0114-FDF6-4F07-9F18-3F6654A688E3}.Debug|Any CPU.ActiveCfg = Debug|Any CPU
		{77FE0114-FDF6-4F07-9F18-3F6654A688E3}.Debug|Any CPU.Build.0 = Debug|Any CPU
		{77FE0114-FDF6-4F07-9F18-3F6654A688E3}.Release|Any CPU.ActiveCfg = Release|Any CPU
		{77FE0114-FDF6-4F07-9F18-3F6654A688E3}.Release|Any CPU.Build.0 = Release|Any CPU
		{07317D27-59F1-4730-8FEB-57A2511BB851}.Debug|Any CPU.ActiveCfg = Debug|Any CPU
		{07317D27-59F1-4730-8FEB-57A2511BB851}.Debug|Any CPU.Build.0 = Debug|Any CPU
		{07317D27-59F1-4730-8FEB-57A2511BB851}.Release|Any CPU.ActiveCfg = Release|Any CPU
		{07317D27-59F1-4730-8FEB-57A2511BB851}.Release|Any CPU.Build.0 = Release|Any CPU
		{110CAE77-2063-4A1D-BC4F-2A7E1531B6AD}.Debug|Any CPU.ActiveCfg = Debug|Any CPU
		{110CAE77-2063-4A1D-BC4F-2A7E1531B6AD}.Debug|Any CPU.Build.0 = Debug|Any CPU
		{110CAE77-2063-4A1D-BC4F-2A7E1531B6AD}.Release|Any CPU.ActiveCfg = Release|Any CPU
		{110CAE77-2063-4A1D-BC4F-2A7E1531B6AD}.Release|Any CPU.Build.0 = Release|Any CPU
		{F17D6497-780F-4944-9F1A-6A4A2A969135}.Debug|Any CPU.ActiveCfg = Debug|Any CPU
		{F17D6497-780F-4944-9F1A-6A4A2A969135}.Debug|Any CPU.Build.0 = Debug|Any CPU
		{F17D6497-780F-4944-9F1A-6A4A2A969135}.Release|Any CPU.ActiveCfg = Release|Any CPU
		{F17D6497-780F-4944-9F1A-6A4A2A969135}.Release|Any CPU.Build.0 = Release|Any CPU
		{42C10044-716E-4041-981B-AF7166769BF9}.Debug|Any CPU.ActiveCfg = Debug|Any CPU
		{42C10044-716E-4041-981B-AF7166769BF9}.Debug|Any CPU.Build.0 = Debug|Any CPU
		{42C10044-716E-4041-981B-AF7166769BF9}.Release|Any CPU.ActiveCfg = Release|Any CPU
		{42C10044-716E-4041-981B-AF7166769BF9}.Release|Any CPU.Build.0 = Release|Any CPU
		{86765F45-B317-4D70-AEB9-BCB66E2F4421}.Debug|Any CPU.ActiveCfg = Debug|Any CPU
		{86765F45-B317-4D70-AEB9-BCB66E2F4421}.Debug|Any CPU.Build.0 = Debug|Any CPU
		{86765F45-B317-4D70-AEB9-BCB66E2F4421}.Release|Any CPU.ActiveCfg = Release|Any CPU
		{86765F45-B317-4D70-AEB9-BCB66E2F4421}.Release|Any CPU.Build.0 = Release|Any CPU
		{374E8BA8-562E-4927-969D-BB2D6543D10B}.Debug|Any CPU.ActiveCfg = Debug|Any CPU
		{374E8BA8-562E-4927-969D-BB2D6543D10B}.Debug|Any CPU.Build.0 = Debug|Any CPU
		{374E8BA8-562E-4927-969D-BB2D6543D10B}.Release|Any CPU.ActiveCfg = Release|Any CPU
		{374E8BA8-562E-4927-969D-BB2D6543D10B}.Release|Any CPU.Build.0 = Release|Any CPU
		{BBBFA8CC-F0CF-462C-A4D5-C3579931B0F4}.Debug|Any CPU.ActiveCfg = Debug|Any CPU
		{BBBFA8CC-F0CF-462C-A4D5-C3579931B0F4}.Debug|Any CPU.Build.0 = Debug|Any CPU
		{BBBFA8CC-F0CF-462C-A4D5-C3579931B0F4}.Release|Any CPU.ActiveCfg = Release|Any CPU
		{BBBFA8CC-F0CF-462C-A4D5-C3579931B0F4}.Release|Any CPU.Build.0 = Release|Any CPU
	EndGlobalSection
EndGlobal
